// !$*UTF8*$!
{
	archiveVersion = 1;
	classes = {
	};
	objectVersion = 48;
	objects = {

/* Begin PBXBuildFile section */
		D4FA8FD61F9C875E00A84B0A /* AppDelegate.swift in Sources */ = {isa = PBXBuildFile; fileRef = D4FA8FD51F9C875E00A84B0A /* AppDelegate.swift */; };
		D4FA8FD81F9C875E00A84B0A /* ViewController.swift in Sources */ = {isa = PBXBuildFile; fileRef = D4FA8FD71F9C875E00A84B0A /* ViewController.swift */; };
		D4FA8FDB1F9C875E00A84B0A /* Main.storyboard in Resources */ = {isa = PBXBuildFile; fileRef = D4FA8FD91F9C875E00A84B0A /* Main.storyboard */; };
		D4FA8FDD1F9C875E00A84B0A /* Assets.xcassets in Resources */ = {isa = PBXBuildFile; fileRef = D4FA8FDC1F9C875E00A84B0A /* Assets.xcassets */; };
		D4FA8FE01F9C875E00A84B0A /* LaunchScreen.storyboard in Resources */ = {isa = PBXBuildFile; fileRef = D4FA8FDE1F9C875E00A84B0A /* LaunchScreen.storyboard */; };
/* End PBXBuildFile section */

/* Begin PBXFileReference section */
		D4FA8FD21F9C875E00A84B0A /* SilverArch.app */ = {isa = PBXFileReference; explicitFileType = wrapper.application; includeInIndex = 0; path = SilverArch.app; sourceTree = BUILT_PRODUCTS_DIR; };
		D4FA8FD51F9C875E00A84B0A /* AppDelegate.swift */ = {isa = PBXFileReference; lastKnownFileType = sourcecode.swift; path = AppDelegate.swift; sourceTree = "<group>"; };
		D4FA8FD71F9C875E00A84B0A /* ViewController.swift */ = {isa = PBXFileReference; lastKnownFileType = sourcecode.swift; path = ViewController.swift; sourceTree = "<group>"; };
		D4FA8FDA1F9C875E00A84B0A /* Base */ = {isa = PBXFileReference; lastKnownFileType = file.storyboard; name = Base; path = Base.lproj/Main.storyboard; sourceTree = "<group>"; };
		D4FA8FDC1F9C875E00A84B0A /* Assets.xcassets */ = {isa = PBXFileReference; lastKnownFileType = folder.assetcatalog; path = Assets.xcassets; sourceTree = "<group>"; };
		D4FA8FDF1F9C875E00A84B0A /* Base */ = {isa = PBXFileReference; lastKnownFileType = file.storyboard; name = Base; path = Base.lproj/LaunchScreen.storyboard; sourceTree = "<group>"; };
		D4FA8FE11F9C875E00A84B0A /* Info.plist */ = {isa = PBXFileReference; lastKnownFileType = text.plist.xml; path = Info.plist; sourceTree = "<group>"; };
/* End PBXFileReference section */

/* Begin PBXFrameworksBuildPhase section */
		D4FA8FCF1F9C875E00A84B0A /* Frameworks */ = {
			isa = PBXFrameworksBuildPhase;
			buildActionMask = 2147483647;
			files = (
			);
			runOnlyForDeploymentPostprocessing = 0;
		};
/* End PBXFrameworksBuildPhase section */

/* Begin PBXGroup section */
		D4FA8FC91F9C875E00A84B0A = {
			isa = PBXGroup;
			children = (
				D4FA8FD41F9C875E00A84B0A /* SilverArch */,
				D4FA8FD31F9C875E00A84B0A /* Products */,
			);
			sourceTree = "<group>";
		};
		D4FA8FD31F9C875E00A84B0A /* Products */ = {
			isa = PBXGroup;
			children = (
				D4FA8FD21F9C875E00A84B0A /* SilverArch.app */,
			);
			name = Products;
			sourceTree = "<group>";
		};
		D4FA8FD41F9C875E00A84B0A /* SilverArch */ = {
			isa = PBXGroup;
			children = (
				D4FA8FD51F9C875E00A84B0A /* AppDelegate.swift */,
				D4FA8FD71F9C875E00A84B0A /* ViewController.swift */,
				D4FA8FD91F9C875E00A84B0A /* Main.storyboard */,
				D4FA8FDC1F9C875E00A84B0A /* Assets.xcassets */,
				D4FA8FDE1F9C875E00A84B0A /* LaunchScreen.storyboard */,
				D4FA8FE11F9C875E00A84B0A /* Info.plist */,
			);
			path = SilverArch;
			sourceTree = "<group>";
		};
/* End PBXGroup section */

/* Begin PBXNativeTarget section */
		D4FA8FD11F9C875E00A84B0A /* SilverArch */ = {
			isa = PBXNativeTarget;
			buildConfigurationList = D4FA8FE41F9C875E00A84B0A /* Build configuration list for PBXNativeTarget "SilverArch" */;
			buildPhases = (
				D4FA8FCE1F9C875E00A84B0A /* Sources */,
				D4FA8FCF1F9C875E00A84B0A /* Frameworks */,
				D4FA8FD01F9C875E00A84B0A /* Resources */,
			);
			buildRules = (
			);
			dependencies = (
			);
			name = SilverArch;
			productName = SilverArch;
			productReference = D4FA8FD21F9C875E00A84B0A /* SilverArch.app */;
			productType = "com.apple.product-type.application";
		};
/* End PBXNativeTarget section */

/* Begin PBXProject section */
		D4FA8FCA1F9C875E00A84B0A /* Project object */ = {
			isa = PBXProject;
			attributes = {
				LastSwiftUpdateCheck = 0900;
				LastUpgradeCheck = 0900;
				ORGANIZATIONNAME = bronenos;
				TargetAttributes = {
					D4FA8FD11F9C875E00A84B0A = {
						CreatedOnToolsVersion = 9.0;
						ProvisioningStyle = Automatic;
					};
				};
			};
			buildConfigurationList = D4FA8FCD1F9C875E00A84B0A /* Build configuration list for PBXProject "SilverArch" */;
			compatibilityVersion = "Xcode 8.0";
			developmentRegion = en;
			hasScannedForEncodings = 0;
			knownRegions = (
				en,
				Base,
			);
			mainGroup = D4FA8FC91F9C875E00A84B0A;
			productRefGroup = D4FA8FD31F9C875E00A84B0A /* Products */;
			projectDirPath = "";
			projectRoot = "";
			targets = (
				D4FA8FD11F9C875E00A84B0A /* SilverArch */,
			);
		};
/* End PBXProject section */

/* Begin PBXResourcesBuildPhase section */
		D4FA8FD01F9C875E00A84B0A /* Resources */ = {
			isa = PBXResourcesBuildPhase;
			buildActionMask = 2147483647;
			files = (
				D4FA8FE01F9C875E00A84B0A /* LaunchScreen.storyboard in Resources */,
				D4FA8FDD1F9C875E00A84B0A /* Assets.xcassets in Resources */,
				D4FA8FDB1F9C875E00A84B0A /* Main.storyboard in Resources */,
			);
			runOnlyForDeploymentPostprocessing = 0;
		};
/* End PBXResourcesBuildPhase section */

/* Begin PBXSourcesBuildPhase section */
		D4FA8FCE1F9C875E00A84B0A /* Sources */ = {
			isa = PBXSourcesBuildPhase;
			buildActionMask = 2147483647;
			files = (
				D4FA8FD81F9C875E00A84B0A /* ViewController.swift in Sources */,
				D4FA8FD61F9C875E00A84B0A /* AppDelegate.swift in Sources */,
			);
			runOnlyForDeploymentPostprocessing = 0;
		};
/* End PBXSourcesBuildPhase section */

/* Begin PBXVariantGroup section */
		D4FA8FD91F9C875E00A84B0A /* Main.storyboard */ = {
			isa = PBXVariantGroup;
			children = (
				D4FA8FDA1F9C875E00A84B0A /* Base */,
			);
			name = Main.storyboard;
			sourceTree = "<group>";
		};
		D4FA8FDE1F9C875E00A84B0A /* LaunchScreen.storyboard */ = {
			isa = PBXVariantGroup;
			children = (
				D4FA8FDF1F9C875E00A84B0A /* Base */,
			);
			name = LaunchScreen.storyboard;
			sourceTree = "<group>";
		};
/* End PBXVariantGroup section */

/* Begin XCBuildConfiguration section */
		D4FA8FE21F9C875E00A84B0A /* Debug */ = {
			isa = XCBuildConfiguration;
			buildSettings = {
				ALWAYS_SEARCH_USER_PATHS = NO;
				CLANG_ANALYZER_NONNULL = YES;
				CLANG_ANALYZER_NUMBER_OBJECT_CONVERSION = YES_AGGRESSIVE;
				CLANG_CXX_LANGUAGE_STANDARD = "gnu++14";
				CLANG_CXX_LIBRARY = "libc++";
				CLANG_ENABLE_MODULES = YES;
				CLANG_ENABLE_OBJC_ARC = YES;
				CLANG_WARN_BLOCK_CAPTURE_AUTORELEASING = YES;
				CLANG_WARN_BOOL_CONVERSION = YES;
				CLANG_WARN_COMMA = YES;
				CLANG_WARN_CONSTANT_CONVERSION = YES;
				CLANG_WARN_DIRECT_OBJC_ISA_USAGE = YES_ERROR;
				CLANG_WARN_DOCUMENTATION_COMMENTS = YES;
				CLANG_WARN_EMPTY_BODY = YES;
				CLANG_WARN_ENUM_CONVERSION = YES;
				CLANG_WARN_INFINITE_RECURSION = YES;
				CLANG_WARN_INT_CONVERSION = YES;
				CLANG_WARN_NON_LITERAL_NULL_CONVERSION = YES;
				CLANG_WARN_OBJC_LITERAL_CONVERSION = YES;
				CLANG_WARN_OBJC_ROOT_CLASS = YES_ERROR;
				CLANG_WARN_RANGE_LOOP_ANALYSIS = YES;
				CLANG_WARN_STRICT_PROTOTYPES = YES;
				CLANG_WARN_SUSPICIOUS_MOVE = YES;
				CLANG_WARN_UNGUARDED_AVAILABILITY = YES_AGGRESSIVE;
				CLANG_WARN_UNREACHABLE_CODE = YES;
				CLANG_WARN__DUPLICATE_METHOD_MATCH = YES;
				CODE_SIGN_IDENTITY = "iPhone Developer";
				COPY_PHASE_STRIP = NO;
				DEBUG_INFORMATION_FORMAT = dwarf;
				ENABLE_STRICT_OBJC_MSGSEND = YES;
				ENABLE_TESTABILITY = YES;
				GCC_C_LANGUAGE_STANDARD = gnu11;
				GCC_DYNAMIC_NO_PIC = NO;
				GCC_NO_COMMON_BLOCKS = YES;
				GCC_OPTIMIZATION_LEVEL = 0;
				GCC_PREPROCESSOR_DEFINITIONS = (
					"DEBUG=1",
					"$(inherited)",
				);
				GCC_WARN_64_TO_32_BIT_CONVERSION = YES;
				GCC_WARN_ABOUT_RETURN_TYPE = YES_ERROR;
				GCC_WARN_UNDECLARED_SELECTOR = YES;
				GCC_WARN_UNINITIALIZED_AUTOS = YES_AGGRESSIVE;
				GCC_WARN_UNUSED_FUNCTION = YES;
				GCC_WARN_UNUSED_VARIABLE = YES;
				IPHONEOS_DEPLOYMENT_TARGET = 11.0;
				MTL_ENABLE_DEBUG_INFO = YES;
				ONLY_ACTIVE_ARCH = YES;
				SDKROOT = iphoneos;
				SWIFT_ACTIVE_COMPILATION_CONDITIONS = DEBUG;
				SWIFT_OPTIMIZATION_LEVEL = "-Onone";
			};
			name = Debug;
		};
		D4FA8FE31F9C875E00A84B0A /* Release */ = {
			isa = XCBuildConfiguration;
			buildSettings = {
				ALWAYS_SEARCH_USER_PATHS = NO;
				CLANG_ANALYZER_NONNULL = YES;
				CLANG_ANALYZER_NUMBER_OBJECT_CONVERSION = YES_AGGRESSIVE;
				CLANG_CXX_LANGUAGE_STANDARD = "gnu++14";
				CLANG_CXX_LIBRARY = "libc++";
				CLANG_ENABLE_MODULES = YES;
				CLANG_ENABLE_OBJC_ARC = YES;
				CLANG_WARN_BLOCK_CAPTURE_AUTORELEASING = YES;
				CLANG_WARN_BOOL_CONVERSION = YES;
				CLANG_WARN_COMMA = YES;
				CLANG_WARN_CONSTANT_CONVERSION = YES;
				CLANG_WARN_DIRECT_OBJC_ISA_USAGE = YES_ERROR;
				CLANG_WARN_DOCUMENTATION_COMMENTS = YES;
				CLANG_WARN_EMPTY_BODY = YES;
				CLANG_WARN_ENUM_CONVERSION = YES;
				CLANG_WARN_INFINITE_RECURSION = YES;
				CLANG_WARN_INT_CONVERSION = YES;
				CLANG_WARN_NON_LITERAL_NULL_CONVERSION = YES;
				CLANG_WARN_OBJC_LITERAL_CONVERSION = YES;
				CLANG_WARN_OBJC_ROOT_CLASS = YES_ERROR;
				CLANG_WARN_RANGE_LOOP_ANALYSIS = YES;
				CLANG_WARN_STRICT_PROTOTYPES = YES;
				CLANG_WARN_SUSPICIOUS_MOVE = YES;
				CLANG_WARN_UNGUARDED_AVAILABILITY = YES_AGGRESSIVE;
				CLANG_WARN_UNREACHABLE_CODE = YES;
				CLANG_WARN__DUPLICATE_METHOD_MATCH = YES;
				CODE_SIGN_IDENTITY = "iPhone Developer";
				COPY_PHASE_STRIP = NO;
				DEBUG_INFORMATION_FORMAT = "dwarf-with-dsym";
				ENABLE_NS_ASSERTIONS = NO;
				ENABLE_STRICT_OBJC_MSGSEND = YES;
				GCC_C_LANGUAGE_STANDARD = gnu11;
				GCC_NO_COMMON_BLOCKS = YES;
				GCC_WARN_64_TO_32_BIT_CONVERSION = YES;
				GCC_WARN_ABOUT_RETURN_TYPE = YES_ERROR;
				GCC_WARN_UNDECLARED_SELECTOR = YES;
				GCC_WARN_UNINITIALIZED_AUTOS = YES_AGGRESSIVE;
				GCC_WARN_UNUSED_FUNCTION = YES;
				GCC_WARN_UNUSED_VARIABLE = YES;
				IPHONEOS_DEPLOYMENT_TARGET = 11.0;
				MTL_ENABLE_DEBUG_INFO = NO;
				SDKROOT = iphoneos;
				SWIFT_OPTIMIZATION_LEVEL = "-Owholemodule";
				VALIDATE_PRODUCT = YES;
			};
			name = Release;
		};
		D4FA8FE51F9C875E00A84B0A /* Debug */ = {
			isa = XCBuildConfiguration;
			buildSettings = {
				ASSETCATALOG_COMPILER_APPICON_NAME = AppIcon;
				CODE_SIGN_STYLE = Automatic;
				DEVELOPMENT_TEAM = V8NCXSZ3T7;
				INFOPLIST_FILE = SilverArch/Info.plist;
				LD_RUNPATH_SEARCH_PATHS = "$(inherited) @executable_path/Frameworks";
				PRODUCT_BUNDLE_IDENTIFIER = me.bronenos.SilverArch;
				PRODUCT_NAME = "$(TARGET_NAME)";
				SWIFT_VERSION = 4.0;
				TARGETED_DEVICE_FAMILY = "1,2";
			};
			name = Debug;
		};
		D4FA8FE61F9C875E00A84B0A /* Release */ = {
			isa = XCBuildConfiguration;
			buildSettings = {
				ASSETCATALOG_COMPILER_APPICON_NAME = AppIcon;
				CODE_SIGN_STYLE = Automatic;
				DEVELOPMENT_TEAM = V8NCXSZ3T7;
				INFOPLIST_FILE = SilverArch/Info.plist;
				LD_RUNPATH_SEARCH_PATHS = "$(inherited) @executable_path/Frameworks";
				PRODUCT_BUNDLE_IDENTIFIER = me.bronenos.SilverArch;
				PRODUCT_NAME = "$(TARGET_NAME)";
				SWIFT_VERSION = 4.0;
				TARGETED_DEVICE_FAMILY = "1,2";
			};
			name = Release;
		};
/* End XCBuildConfiguration section */

/* Begin XCConfigurationList section */
		D4FA8FCD1F9C875E00A84B0A /* Build configuration list for PBXProject "SilverArch" */ = {
			isa = XCConfigurationList;
			buildConfigurations = (
				D4FA8FE21F9C875E00A84B0A /* Debug */,
				D4FA8FE31F9C875E00A84B0A /* Release */,
			);
			defaultConfigurationIsVisible = 0;
			defaultConfigurationName = Release;
		};
		D4FA8FE41F9C875E00A84B0A /* Build configuration list for PBXNativeTarget "SilverArch" */ = {
			isa = XCConfigurationList;
			buildConfigurations = (
				D4FA8FE51F9C875E00A84B0A /* Debug */,
				D4FA8FE61F9C875E00A84B0A /* Release */,
			);
			defaultConfigurationIsVisible = 0;
			defaultConfigurationName = Release;
		};
/* End XCConfigurationList section */
	};
	rootObject = D4FA8FCA1F9C875E00A84B0A /* Project object */;
}
